{
  "name": "@rbxts/touch-screen-joysticks",
  "version": "0.0.1",
  "lockfileVersion": 1,
  "requires": true,
  "dependencies": {
    "@rbxts/types": {
      "version": "1.0.343",
      "resolved": "https://registry.npmjs.org/@rbxts/types/-/types-1.0.343.tgz",
      "integrity": "sha512-cw1ztTvK9lTpj0K0PIMaqBPJB3aVQlE4hwyAdMfkA9MF0n/jriepnWqxkLrvb1BTF8NA+7IFdYGux67s53e5gw==",
      "dev": true
    }
  }
}
