{
  "name": "testing",
  "version": "1.0.0",
  "lockfileVersion": 1,
  "requires": true,
  "dependencies": {
    "@rbxts/services": {
      "version": "1.0.4",
      "resolved": "https://registry.npmjs.org/@rbxts/services/-/services-1.0.4.tgz",
      "integrity": "sha512-lvTFr9soI6WQzZDuy1NIWaeI9YrnE0+pK+57MCcBoTcGDfg5EZMVgLGmpVDt0lUqD3UB7Yr++DtYOdPUFQqNGg=="
    },
    "@rbxts/types": {
      "version": "1.0.343",
      "resolved": "https://registry.npmjs.org/@rbxts/types/-/types-1.0.343.tgz",
      "integrity": "sha512-cw1ztTvK9lTpj0K0PIMaqBPJB3aVQlE4hwyAdMfkA9MF0n/jriepnWqxkLrvb1BTF8NA+7IFdYGux67s53e5gw==",
      "dev": true
    }
  }
}
