{
  "name": "@rbxts/touch-screen-joysticks",
  "version": "0.0.1",
  "lockfileVersion": 1,
  "requires": true,
  "dependencies": {
    "@rbxts/dumpster": {
      "version": "1.0.8",
      "resolved": "https://registry.npmjs.org/@rbxts/dumpster/-/dumpster-1.0.8.tgz",
      "integrity": "sha512-mkitEvfA166+EkRPF51vji9ZkAJEbqtwvrMAtPhP6EJy8IKAgh5QseHu5Zh1d5n459ufy1qY+5XHjGi2fQCqJg=="
    },
    "@rbxts/services": {
      "version": "1.0.4",
      "resolved": "https://registry.npmjs.org/@rbxts/services/-/services-1.0.4.tgz",
      "integrity": "sha512-lvTFr9soI6WQzZDuy1NIWaeI9YrnE0+pK+57MCcBoTcGDfg5EZMVgLGmpVDt0lUqD3UB7Yr++DtYOdPUFQqNGg=="
    },
    "@rbxts/signals-tooling": {
      "version": "1.0.2",
      "resolved": "https://registry.npmjs.org/@rbxts/signals-tooling/-/signals-tooling-1.0.2.tgz",
      "integrity": "sha512-3/sldStQqF6QuKQafWamjxvV+wAgQUQ6DlvK5r1nPS4NCQuL0MdBrJEdy4enuhtbYy2M0H9MfRutn+2nYcdrvg==",
      "requires": {
        "@rbxts/services": "^1.0.28"
      },
      "dependencies": {
        "@rbxts/services": {
          "version": "1.0.28",
          "resolved": "https://registry.npmjs.org/@rbxts/services/-/services-1.0.28.tgz",
          "integrity": "sha512-8dcUNzkai0C6XtRTBiij8Rv0KQfveKXPeBeSaqRiCY8vOWvHUPHa43nA5NkJh1T1ljej8wgrVs5QPcYD4cSKAg=="
        }
      }
    },
    "@rbxts/types": {
      "version": "1.0.343",
      "resolved": "https://registry.npmjs.org/@rbxts/types/-/types-1.0.343.tgz",
      "integrity": "sha512-cw1ztTvK9lTpj0K0PIMaqBPJB3aVQlE4hwyAdMfkA9MF0n/jriepnWqxkLrvb1BTF8NA+7IFdYGux67s53e5gw==",
      "dev": true
    }
  }
}
